
Microsoft Visual Studio Solution File, Format Version 12.00
# Visual Studio Version 17
VisualStudioVersion = 17.3.32922.545
MinimumVisualStudioVersion = 10.0.40219.1
Project("{FAE04EC0-301F-11D3-BF4B-00C04F79EFBC}") = "gestionvente", "gestionvente\gestionvente.csproj", "{9F57B411-5AA1-466F-8F4E-3EF9DAF19D89}"
EndProject
Global
	GlobalSection(SolutionConfigurationPlatforms) = preSolution
		Debug|Any CPU = Debug|Any CPU
		Release|Any CPU = Release|Any CPU
	EndGlobalSection
	GlobalSection(ProjectConfigurationPlatforms) = postSolution
		{9F57B411-5AA1-466F-8F4E-3EF9DAF19D89}.Debug|Any CPU.ActiveCfg = Debug|Any CPU
		{9F57B411-5AA1-466F-8F4E-3EF9DAF19D89}.Debug|Any CPU.Build.0 = Debug|Any CPU
		{9F57B411-5AA1-466F-8F4E-3EF9DAF19D89}.Release|Any CPU.ActiveCfg = Release|Any CPU
		{9F57B411-5AA1-466F-8F4E-3EF9DAF19D89}.Release|Any CPU.Build.0 = Release|Any CPU
	EndGlobalSection
	GlobalSection(SolutionProperties) = preSolution
		HideSolutionNode = FALSE
	EndGlobalSection
	GlobalSection(ExtensibilityGlobals) = postSolution
		SolutionGuid = {6DE301AA-190E-48EE-BF29-289374C50548}
	EndGlobalSection
EndGlobal
